
Microsoft Visual Studio Solution File, Format Version 12.00
# Visual Studio 15
VisualStudioVersion = 15.0.27004.2006
MinimumVisualStudioVersion = 10.0.40219.1
Project("{FAE04EC0-301F-11D3-BF4B-00C04F79EFBC}") = "Movies_Timetabel", "GrozniMovie\Movies_Timetabel.csproj", "{62B4CCEA-244C-47BD-B912-A7D7F57C1A2B}"
EndProject
Global
	GlobalSection(SolutionConfigurationPlatforms) = preSolution
		Debug|Any CPU = Debug|Any CPU
		Release|Any CPU = Release|Any CPU
	EndGlobalSection
	GlobalSection(ProjectConfigurationPlatforms) = postSolution
		{62B4CCEA-244C-47BD-B912-A7D7F57C1A2B}.Debug|Any CPU.ActiveCfg = Debug|Any CPU
		{62B4CCEA-244C-47BD-B912-A7D7F57C1A2B}.Debug|Any CPU.Build.0 = Debug|Any CPU
		{62B4CCEA-244C-47BD-B912-A7D7F57C1A2B}.Release|Any CPU.ActiveCfg = Release|Any CPU
		{62B4CCEA-244C-47BD-B912-A7D7F57C1A2B}.Release|Any CPU.Build.0 = Release|Any CPU
	EndGlobalSection
	GlobalSection(SolutionProperties) = preSolution
		HideSolutionNode = FALSE
	EndGlobalSection
	GlobalSection(ExtensibilityGlobals) = postSolution
		SolutionGuid = {DBA8B7CB-658E-4552-A6C2-F25226BE1429}
	EndGlobalSection
EndGlobal
